// !$*UTF8*$!
{
	archiveVersion = 1;
	classes = {
	};
	objectVersion = 50;
	objects = {

/* Begin PBXBuildFile section */
		10EAB3DD248DC61900EEE3B7 /* AppDelegate.swift in Sources */ = {isa = PBXBuildFile; fileRef = 10EAB3DC248DC61900EEE3B7 /* AppDelegate.swift */; };
		10EAB3DF248DC61900EEE3B7 /* SceneDelegate.swift in Sources */ = {isa = PBXBuildFile; fileRef = 10EAB3DE248DC61900EEE3B7 /* SceneDelegate.swift */; };
		10EAB3E1248DC61900EEE3B7 /* ViewController.swift in Sources */ = {isa = PBXBuildFile; fileRef = 10EAB3E0248DC61900EEE3B7 /* ViewController.swift */; };
		10EAB3E4248DC61900EEE3B7 /* Main.storyboard in Resources */ = {isa = PBXBuildFile; fileRef = 10EAB3E2248DC61900EEE3B7 /* Main.storyboard */; };
		10EAB3E6248DC61A00EEE3B7 /* Assets.xcassets in Resources */ = {isa = PBXBuildFile; fileRef = 10EAB3E5248DC61A00EEE3B7 /* Assets.xcassets */; };
		10EAB3E9248DC61A00EEE3B7 /* LaunchScreen.storyboard in Resources */ = {isa = PBXBuildFile; fileRef = 10EAB3E7248DC61A00EEE3B7 /* LaunchScreen.storyboard */; };
		10EAB3F5248DCB5800EEE3B7 /* SecondVC.swift in Sources */ = {isa = PBXBuildFile; fileRef = 10EAB3F4248DCB5800EEE3B7 /* SecondVC.swift */; };
/* End PBXBuildFile section */

/* Begin PBXFileReference section */
		10EAB3D9248DC61900EEE3B7 /* DetailedViewApp.app */ = {isa = PBXFileReference; explicitFileType = wrapper.application; includeInIndex = 0; path = DetailedViewApp.app; sourceTree = BUILT_PRODUCTS_DIR; };
		10EAB3DC248DC61900EEE3B7 /* AppDelegate.swift */ = {isa = PBXFileReference; lastKnownFileType = sourcecode.swift; path = AppDelegate.swift; sourceTree = "<group>"; };
		10EAB3DE248DC61900EEE3B7 /* SceneDelegate.swift */ = {isa = PBXFileReference; lastKnownFileType = sourcecode.swift; path = SceneDelegate.swift; sourceTree = "<group>"; };
		10EAB3E0248DC61900EEE3B7 /* ViewController.swift */ = {isa = PBXFileReference; lastKnownFileType = sourcecode.swift; path = ViewController.swift; sourceTree = "<group>"; };
		10EAB3E3248DC61900EEE3B7 /* Base */ = {isa = PBXFileReference; lastKnownFileType = file.storyboard; name = Base; path = Base.lproj/Main.storyboard; sourceTree = "<group>"; };
		10EAB3E5248DC61A00EEE3B7 /* Assets.xcassets */ = {isa = PBXFileReference; lastKnownFileType = folder.assetcatalog; path = Assets.xcassets; sourceTree = "<group>"; };
		10EAB3E8248DC61A00EEE3B7 /* Base */ = {isa = PBXFileReference; lastKnownFileType = file.storyboard; name = Base; path = Base.lproj/LaunchScreen.storyboard; sourceTree = "<group>"; };
		10EAB3EA248DC61A00EEE3B7 /* Info.plist */ = {isa = PBXFileReference; lastKnownFileType = text.plist.xml; path = Info.plist; sourceTree = "<group>"; };
		10EAB3F4248DCB5800EEE3B7 /* SecondVC.swift */ = {isa = PBXFileReference; lastKnownFileType = sourcecode.swift; path = SecondVC.swift; sourceTree = "<group>"; };
/* End PBXFileReference section */

/* Begin PBXFrameworksBuildPhase section */
		10EAB3D6248DC61800EEE3B7 /* Frameworks */ = {
			isa = PBXFrameworksBuildPhase;
			buildActionMask = 2147483647;
			files = (
			);
			runOnlyForDeploymentPostprocessing = 0;
		};
/* End PBXFrameworksBuildPhase section */

/* Begin PBXGroup section */
		10EAB3D0248DC61800EEE3B7 = {
			isa = PBXGroup;
			children = (
				10EAB3DB248DC61900EEE3B7 /* DetailedViewApp */,
				10EAB3DA248DC61900EEE3B7 /* Products */,
			);
			sourceTree = "<group>";
		};
		10EAB3DA248DC61900EEE3B7 /* Products */ = {
			isa = PBXGroup;
			children = (
				10EAB3D9248DC61900EEE3B7 /* DetailedViewApp.app */,
			);
			name = Products;
			sourceTree = "<group>";
		};
		10EAB3DB248DC61900EEE3B7 /* DetailedViewApp */ = {
			isa = PBXGroup;
			children = (
				10EAB3DC248DC61900EEE3B7 /* AppDelegate.swift */,
				10EAB3DE248DC61900EEE3B7 /* SceneDelegate.swift */,
				10EAB3F4248DCB5800EEE3B7 /* SecondVC.swift */,
				10EAB3E0248DC61900EEE3B7 /* ViewController.swift */,
				10EAB3E2248DC61900EEE3B7 /* Main.storyboard */,
				10EAB3E5248DC61A00EEE3B7 /* Assets.xcassets */,
				10EAB3E7248DC61A00EEE3B7 /* LaunchScreen.storyboard */,
				10EAB3EA248DC61A00EEE3B7 /* Info.plist */,
			);
			path = DetailedViewApp;
			sourceTree = "<group>";
		};
/* End PBXGroup section */

/* Begin PBXNativeTarget section */
		10EAB3D8248DC61800EEE3B7 /* DetailedViewApp */ = {
			isa = PBXNativeTarget;
			buildConfigurationList = 10EAB3ED248DC61A00EEE3B7 /* Build configuration list for PBXNativeTarget "DetailedViewApp" */;
			buildPhases = (
				10EAB3D5248DC61800EEE3B7 /* Sources */,
				10EAB3D6248DC61800EEE3B7 /* Frameworks */,
				10EAB3D7248DC61800EEE3B7 /* Resources */,
			);
			buildRules = (
			);
			dependencies = (
			);
			name = DetailedViewApp;
			productName = DetailedViewApp;
			productReference = 10EAB3D9248DC61900EEE3B7 /* DetailedViewApp.app */;
			productType = "com.apple.product-type.application";
		};
/* End PBXNativeTarget section */

/* Begin PBXProject section */
		10EAB3D1248DC61800EEE3B7 /* Project object */ = {
			isa = PBXProject;
			attributes = {
				LastSwiftUpdateCheck = 1150;
				LastUpgradeCheck = 1150;
				ORGANIZATIONNAME = websavantmedia;
				TargetAttributes = {
					10EAB3D8248DC61800EEE3B7 = {
						CreatedOnToolsVersion = 11.5;
					};
				};
			};
			buildConfigurationList = 10EAB3D4248DC61800EEE3B7 /* Build configuration list for PBXProject "DetailedViewApp" */;
			compatibilityVersion = "Xcode 9.3";
			developmentRegion = en;
			hasScannedForEncodings = 0;
			knownRegions = (
				en,
				Base,
			);
			mainGroup = 10EAB3D0248DC61800EEE3B7;
			productRefGroup = 10EAB3DA248DC61900EEE3B7 /* Products */;
			projectDirPath = "";
			projectRoot = "";
			targets = (
				10EAB3D8248DC61800EEE3B7 /* DetailedViewApp */,
			);
		};
/* End PBXProject section */

/* Begin PBXResourcesBuildPhase section */
		10EAB3D7248DC61800EEE3B7 /* Resources */ = {
			isa = PBXResourcesBuildPhase;
			buildActionMask = 2147483647;
			files = (
				10EAB3E9248DC61A00EEE3B7 /* LaunchScreen.storyboard in Resources */,
				10EAB3E6248DC61A00EEE3B7 /* Assets.xcassets in Resources */,
				10EAB3E4248DC61900EEE3B7 /* Main.storyboard in Resources */,
			);
			runOnlyForDeploymentPostprocessing = 0;
		};
/* End PBXResourcesBuildPhase section */

/* Begin PBXSourcesBuildPhase section */
		10EAB3D5248DC61800EEE3B7 /* Sources */ = {
			isa = PBXSourcesBuildPhase;
			buildActionMask = 2147483647;
			files = (
				10EAB3E1248DC61900EEE3B7 /* ViewController.swift in Sources */,
				10EAB3DD248DC61900EEE3B7 /* AppDelegate.swift in Sources */,
				10EAB3F5248DCB5800EEE3B7 /* SecondVC.swift in Sources */,
				10EAB3DF248DC61900EEE3B7 /* SceneDelegate.swift in Sources */,
			);
			runOnlyForDeploymentPostprocessing = 0;
		};
/* End PBXSourcesBuildPhase section */

/* Begin PBXVariantGroup section */
		10EAB3E2248DC61900EEE3B7 /* Main.storyboard */ = {
			isa = PBXVariantGroup;
			children = (
				10EAB3E3248DC61900EEE3B7 /* Base */,
			);
			name = Main.storyboard;
			sourceTree = "<group>";
		};
		10EAB3E7248DC61A00EEE3B7 /* LaunchScreen.storyboard */ = {
			isa = PBXVariantGroup;
			children = (
				10EAB3E8248DC61A00EEE3B7 /* Base */,
			);
			name = LaunchScreen.storyboard;
			sourceTree = "<group>";
		};
/* End PBXVariantGroup section */

/* Begin XCBuildConfiguration section */
		10EAB3EB248DC61A00EEE3B7 /* Debug */ = {
			isa = XCBuildConfiguration;
			buildSettings = {
				ALWAYS_SEARCH_USER_PATHS = NO;
				CLANG_ANALYZER_NONNULL = YES;
				CLANG_ANALYZER_NUMBER_OBJECT_CONVERSION = YES_AGGRESSIVE;
				CLANG_CXX_LANGUAGE_STANDARD = "gnu++14";
				CLANG_CXX_LIBRARY = "libc++";
				CLANG_ENABLE_MODULES = YES;
				CLANG_ENABLE_OBJC_ARC = YES;
				CLANG_ENABLE_OBJC_WEAK = YES;
				CLANG_WARN_BLOCK_CAPTURE_AUTORELEASING = YES;
				CLANG_WARN_BOOL_CONVERSION = YES;
				CLANG_WARN_COMMA = YES;
				CLANG_WARN_CONSTANT_CONVERSION = YES;
				CLANG_WARN_DEPRECATED_OBJC_IMPLEMENTATIONS = YES;
				CLANG_WARN_DIRECT_OBJC_ISA_USAGE = YES_ERROR;
				CLANG_WARN_DOCUMENTATION_COMMENTS = YES;
				CLANG_WARN_EMPTY_BODY = YES;
				CLANG_WARN_ENUM_CONVERSION = YES;
				CLANG_WARN_INFINITE_RECURSION = YES;
				CLANG_WARN_INT_CONVERSION = YES;
				CLANG_WARN_NON_LITERAL_NULL_CONVERSION = YES;
				CLANG_WARN_OBJC_IMPLICIT_RETAIN_SELF = YES;
				CLANG_WARN_OBJC_LITERAL_CONVERSION = YES;
				CLANG_WARN_OBJC_ROOT_CLASS = YES_ERROR;
				CLANG_WARN_RANGE_LOOP_ANALYSIS = YES;
				CLANG_WARN_STRICT_PROTOTYPES = YES;
				CLANG_WARN_SUSPICIOUS_MOVE = YES;
				CLANG_WARN_UNGUARDED_AVAILABILITY = YES_AGGRESSIVE;
				CLANG_WARN_UNREACHABLE_CODE = YES;
				CLANG_WARN__DUPLICATE_METHOD_MATCH = YES;
				COPY_PHASE_STRIP = NO;
				DEBUG_INFORMATION_FORMAT = dwarf;
				ENABLE_STRICT_OBJC_MSGSEND = YES;
				ENABLE_TESTABILITY = YES;
				GCC_C_LANGUAGE_STANDARD = gnu11;
				GCC_DYNAMIC_NO_PIC = NO;
				GCC_NO_COMMON_BLOCKS = YES;
				GCC_OPTIMIZATION_LEVEL = 0;
				GCC_PREPROCESSOR_DEFINITIONS = (
					"DEBUG=1",
					"$(inherited)",
				);
				GCC_WARN_64_TO_32_BIT_CONVERSION = YES;
				GCC_WARN_ABOUT_RETURN_TYPE = YES_ERROR;
				GCC_WARN_UNDECLARED_SELECTOR = YES;
				GCC_WARN_UNINITIALIZED_AUTOS = YES_AGGRESSIVE;
				GCC_WARN_UNUSED_FUNCTION = YES;
				GCC_WARN_UNUSED_VARIABLE = YES;
				IPHONEOS_DEPLOYMENT_TARGET = 13.5;
				MTL_ENABLE_DEBUG_INFO = INCLUDE_SOURCE;
				MTL_FAST_MATH = YES;
				ONLY_ACTIVE_ARCH = YES;
				SDKROOT = iphoneos;
				SWIFT_ACTIVE_COMPILATION_CONDITIONS = DEBUG;
				SWIFT_OPTIMIZATION_LEVEL = "-Onone";
			};
			name = Debug;
		};
		10EAB3EC248DC61A00EEE3B7 /* Release */ = {
			isa = XCBuildConfiguration;
			buildSettings = {
				ALWAYS_SEARCH_USER_PATHS = NO;
				CLANG_ANALYZER_NONNULL = YES;
				CLANG_ANALYZER_NUMBER_OBJECT_CONVERSION = YES_AGGRESSIVE;
				CLANG_CXX_LANGUAGE_STANDARD = "gnu++14";
				CLANG_CXX_LIBRARY = "libc++";
				CLANG_ENABLE_MODULES = YES;
				CLANG_ENABLE_OBJC_ARC = YES;
				CLANG_ENABLE_OBJC_WEAK = YES;
				CLANG_WARN_BLOCK_CAPTURE_AUTORELEASING = YES;
				CLANG_WARN_BOOL_CONVERSION = YES;
				CLANG_WARN_COMMA = YES;
				CLANG_WARN_CONSTANT_CONVERSION = YES;
				CLANG_WARN_DEPRECATED_OBJC_IMPLEMENTATIONS = YES;
				CLANG_WARN_DIRECT_OBJC_ISA_USAGE = YES_ERROR;
				CLANG_WARN_DOCUMENTATION_COMMENTS = YES;
				CLANG_WARN_EMPTY_BODY = YES;
				CLANG_WARN_ENUM_CONVERSION = YES;
				CLANG_WARN_INFINITE_RECURSION = YES;
				CLANG_WARN_INT_CONVERSION = YES;
				CLANG_WARN_NON_LITERAL_NULL_CONVERSION = YES;
				CLANG_WARN_OBJC_IMPLICIT_RETAIN_SELF = YES;
				CLANG_WARN_OBJC_LITERAL_CONVERSION = YES;
				CLANG_WARN_OBJC_ROOT_CLASS = YES_ERROR;
				CLANG_WARN_RANGE_LOOP_ANALYSIS = YES;
				CLANG_WARN_STRICT_PROTOTYPES = YES;
				CLANG_WARN_SUSPICIOUS_MOVE = YES;
				CLANG_WARN_UNGUARDED_AVAILABILITY = YES_AGGRESSIVE;
				CLANG_WARN_UNREACHABLE_CODE = YES;
				CLANG_WARN__DUPLICATE_METHOD_MATCH = YES;
				COPY_PHASE_STRIP = NO;
				DEBUG_INFORMATION_FORMAT = "dwarf-with-dsym";
				ENABLE_NS_ASSERTIONS = NO;
				ENABLE_STRICT_OBJC_MSGSEND = YES;
				GCC_C_LANGUAGE_STANDARD = gnu11;
				GCC_NO_COMMON_BLOCKS = YES;
				GCC_WARN_64_TO_32_BIT_CONVERSION = YES;
				GCC_WARN_ABOUT_RETURN_TYPE = YES_ERROR;
				GCC_WARN_UNDECLARED_SELECTOR = YES;
				GCC_WARN_UNINITIALIZED_AUTOS = YES_AGGRESSIVE;
				GCC_WARN_UNUSED_FUNCTION = YES;
				GCC_WARN_UNUSED_VARIABLE = YES;
				IPHONEOS_DEPLOYMENT_TARGET = 13.5;
				MTL_ENABLE_DEBUG_INFO = NO;
				MTL_FAST_MATH = YES;
				SDKROOT = iphoneos;
				SWIFT_COMPILATION_MODE = wholemodule;
				SWIFT_OPTIMIZATION_LEVEL = "-O";
				VALIDATE_PRODUCT = YES;
			};
			name = Release;
		};
		10EAB3EE248DC61A00EEE3B7 /* Debug */ = {
			isa = XCBuildConfiguration;
			buildSettings = {
				ASSETCATALOG_COMPILER_APPICON_NAME = AppIcon;
				CODE_SIGN_STYLE = Automatic;
				DEVELOPMENT_TEAM = SN83872X5M;
				INFOPLIST_FILE = DetailedViewApp/Info.plist;
				LD_RUNPATH_SEARCH_PATHS = (
					"$(inherited)",
					"@executable_path/Frameworks",
				);
				PRODUCT_BUNDLE_IDENTIFIER = com.websavantmedia.com.DetailedViewApp;
				PRODUCT_NAME = "$(TARGET_NAME)";
				SWIFT_VERSION = 5.0;
				TARGETED_DEVICE_FAMILY = "1,2";
			};
			name = Debug;
		};
		10EAB3EF248DC61A00EEE3B7 /* Release */ = {
			isa = XCBuildConfiguration;
			buildSettings = {
				ASSETCATALOG_COMPILER_APPICON_NAME = AppIcon;
				CODE_SIGN_STYLE = Automatic;
				DEVELOPMENT_TEAM = SN83872X5M;
				INFOPLIST_FILE = DetailedViewApp/Info.plist;
				LD_RUNPATH_SEARCH_PATHS = (
					"$(inherited)",
					"@executable_path/Frameworks",
				);
				PRODUCT_BUNDLE_IDENTIFIER = com.websavantmedia.com.DetailedViewApp;
				PRODUCT_NAME = "$(TARGET_NAME)";
				SWIFT_VERSION = 5.0;
				TARGETED_DEVICE_FAMILY = "1,2";
			};
			name = Release;
		};
/* End XCBuildConfiguration section */

/* Begin XCConfigurationList section */
		10EAB3D4248DC61800EEE3B7 /* Build configuration list for PBXProject "DetailedViewApp" */ = {
			isa = XCConfigurationList;
			buildConfigurations = (
				10EAB3EB248DC61A00EEE3B7 /* Debug */,
				10EAB3EC248DC61A00EEE3B7 /* Release */,
			);
			defaultConfigurationIsVisible = 0;
			defaultConfigurationName = Release;
		};
		10EAB3ED248DC61A00EEE3B7 /* Build configuration list for PBXNativeTarget "DetailedViewApp" */ = {
			isa = XCConfigurationList;
			buildConfigurations = (
				10EAB3EE248DC61A00EEE3B7 /* Debug */,
				10EAB3EF248DC61A00EEE3B7 /* Release */,
			);
			defaultConfigurationIsVisible = 0;
			defaultConfigurationName = Release;
		};
/* End XCConfigurationList section */
	};
	rootObject = 10EAB3D1248DC61800EEE3B7 /* Project object */;
}
